// !$*UTF8*$!
{
	archiveVersion = 1;
	classes = {
	};
	objectVersion = 46;
	objects = {

/* Begin PBXBuildFile section */
		83797DBA178C836A00F2FB78 /* FacebookSDK.framework in Frameworks */ = {isa = PBXBuildFile; fileRef = 83797DB9178C836A00F2FB78 /* FacebookSDK.framework */; };
		83797DBD178C837300F2FB78 /* FacebookSDKResources.bundle in Resources */ = {isa = PBXBuildFile; fileRef = 83797DBB178C837300F2FB78 /* FacebookSDKResources.bundle */; };
		83797DBE178C837300F2FB78 /* FBUserSettingsViewResources.bundle in Resources */ = {isa = PBXBuildFile; fileRef = 83797DBC178C837300F2FB78 /* FBUserSettingsViewResources.bundle */; };
		83888A4F178B6A0E00A9D8C7 /* Foundation.framework in Frameworks */ = {isa = PBXBuildFile; fileRef = 83888A4E178B6A0E00A9D8C7 /* Foundation.framework */; };
		83888A51178B6A0E00A9D8C7 /* CoreGraphics.framework in Frameworks */ = {isa = PBXBuildFile; fileRef = 83888A50178B6A0E00A9D8C7 /* CoreGraphics.framework */; };
		83888A53178B6A0E00A9D8C7 /* UIKit.framework in Frameworks */ = {isa = PBXBuildFile; fileRef = 83888A52178B6A0E00A9D8C7 /* UIKit.framework */; };
		83888A59178B6A0E00A9D8C7 /* InfoPlist.strings in Resources */ = {isa = PBXBuildFile; fileRef = 83888A57178B6A0E00A9D8C7 /* InfoPlist.strings */; };
		83888A5B178B6A0E00A9D8C7 /* main.m in Sources */ = {isa = PBXBuildFile; fileRef = 83888A5A178B6A0E00A9D8C7 /* main.m */; };
		83888A5F178B6A0E00A9D8C7 /* AppDelegate.m in Sources */ = {isa = PBXBuildFile; fileRef = 83888A5E178B6A0E00A9D8C7 /* AppDelegate.m */; };
		83888A65178B6A0E00A9D8C7 /* CurrentLocationViewController.m in Sources */ = {isa = PBXBuildFile; fileRef = 83888A64178B6A0E00A9D8C7 /* CurrentLocationViewController.m */; };
		83888A68178B6A0E00A9D8C7 /* SecondViewController.m in Sources */ = {isa = PBXBuildFile; fileRef = 83888A67178B6A0E00A9D8C7 /* SecondViewController.m */; };
		83888A6A178B6A0E00A9D8C7 /* Images.xcassets in Resources */ = {isa = PBXBuildFile; fileRef = 83888A69178B6A0E00A9D8C7 /* Images.xcassets */; };
		83888A71178B6A0E00A9D8C7 /* XCTest.framework in Frameworks */ = {isa = PBXBuildFile; fileRef = 83888A70178B6A0E00A9D8C7 /* XCTest.framework */; };
		83888A72178B6A0E00A9D8C7 /* Foundation.framework in Frameworks */ = {isa = PBXBuildFile; fileRef = 83888A4E178B6A0E00A9D8C7 /* Foundation.framework */; };
		83888A73178B6A0E00A9D8C7 /* UIKit.framework in Frameworks */ = {isa = PBXBuildFile; fileRef = 83888A52178B6A0E00A9D8C7 /* UIKit.framework */; };
		83888A7B178B6A0E00A9D8C7 /* InfoPlist.strings in Resources */ = {isa = PBXBuildFile; fileRef = 83888A79178B6A0E00A9D8C7 /* InfoPlist.strings */; };
		83888A7D178B6A0E00A9D8C7 /* MyLocationsTests.m in Sources */ = {isa = PBXBuildFile; fileRef = 83888A7C178B6A0E00A9D8C7 /* MyLocationsTests.m */; };
		83888A8A178B6A7E00A9D8C7 /* MyLocationsStoryboard.storyboard in Resources */ = {isa = PBXBuildFile; fileRef = 83888A89178B6A7E00A9D8C7 /* MyLocationsStoryboard.storyboard */; };
		83888A8B178B6A7E00A9D8C7 /* MyLocationsStoryboard.storyboard in Resources */ = {isa = PBXBuildFile; fileRef = 83888A89178B6A7E00A9D8C7 /* MyLocationsStoryboard.storyboard */; };
		83888A8D178B718F00A9D8C7 /* CoreLocation.framework in Frameworks */ = {isa = PBXBuildFile; fileRef = 83888A8C178B718F00A9D8C7 /* CoreLocation.framework */; };
/* End PBXBuildFile section */

/* Begin PBXContainerItemProxy section */
		83888A74178B6A0E00A9D8C7 /* PBXContainerItemProxy */ = {
			isa = PBXContainerItemProxy;
			containerPortal = 83888A43178B6A0E00A9D8C7 /* Project object */;
			proxyType = 1;
			remoteGlobalIDString = 83888A4A178B6A0E00A9D8C7;
			remoteInfo = MyLocations;
		};
/* End PBXContainerItemProxy section */

/* Begin PBXFileReference section */
		83797DB9178C836A00F2FB78 /* FacebookSDK.framework */ = {isa = PBXFileReference; lastKnownFileType = wrapper.framework; name = FacebookSDK.framework; path = ../../../Documents/FacebookSDK/FacebookSDK.framework; sourceTree = "<group>"; };
		83797DBB178C837300F2FB78 /* FacebookSDKResources.bundle */ = {isa = PBXFileReference; lastKnownFileType = "wrapper.plug-in"; name = FacebookSDKResources.bundle; path = ../../../Documents/FacebookSDK/FacebookSDK.framework/Versions/A/Resources/FacebookSDKResources.bundle; sourceTree = "<group>"; };
		83797DBC178C837300F2FB78 /* FBUserSettingsViewResources.bundle */ = {isa = PBXFileReference; lastKnownFileType = "wrapper.plug-in"; name = FBUserSettingsViewResources.bundle; path = ../../../Documents/FacebookSDK/FacebookSDK.framework/Versions/A/Resources/FBUserSettingsViewResources.bundle; sourceTree = "<group>"; };
		83888A4B178B6A0E00A9D8C7 /* MyLocations.app */ = {isa = PBXFileReference; explicitFileType = wrapper.application; includeInIndex = 0; path = MyLocations.app; sourceTree = BUILT_PRODUCTS_DIR; };
		83888A4E178B6A0E00A9D8C7 /* Foundation.framework */ = {isa = PBXFileReference; lastKnownFileType = wrapper.framework; name = Foundation.framework; path = System/Library/Frameworks/Foundation.framework; sourceTree = SDKROOT; };
		83888A50178B6A0E00A9D8C7 /* CoreGraphics.framework */ = {isa = PBXFileReference; lastKnownFileType = wrapper.framework; name = CoreGraphics.framework; path = System/Library/Frameworks/CoreGraphics.framework; sourceTree = SDKROOT; };
		83888A52178B6A0E00A9D8C7 /* UIKit.framework */ = {isa = PBXFileReference; lastKnownFileType = wrapper.framework; name = UIKit.framework; path = System/Library/Frameworks/UIKit.framework; sourceTree = SDKROOT; };
		83888A56178B6A0E00A9D8C7 /* MyLocations-Info.plist */ = {isa = PBXFileReference; lastKnownFileType = text.plist.xml; path = "MyLocations-Info.plist"; sourceTree = "<group>"; };
		83888A58178B6A0E00A9D8C7 /* en */ = {isa = PBXFileReference; lastKnownFileType = text.plist.strings; name = en; path = en.lproj/InfoPlist.strings; sourceTree = "<group>"; };
		83888A5A178B6A0E00A9D8C7 /* main.m */ = {isa = PBXFileReference; lastKnownFileType = sourcecode.c.objc; path = main.m; sourceTree = "<group>"; };
		83888A5C178B6A0E00A9D8C7 /* MyLocations-Prefix.pch */ = {isa = PBXFileReference; lastKnownFileType = sourcecode.c.h; path = "MyLocations-Prefix.pch"; sourceTree = "<group>"; };
		83888A5D178B6A0E00A9D8C7 /* AppDelegate.h */ = {isa = PBXFileReference; lastKnownFileType = sourcecode.c.h; path = AppDelegate.h; sourceTree = "<group>"; };
		83888A5E178B6A0E00A9D8C7 /* AppDelegate.m */ = {isa = PBXFileReference; lastKnownFileType = sourcecode.c.objc; path = AppDelegate.m; sourceTree = "<group>"; };
		83888A63178B6A0E00A9D8C7 /* CurrentLocationViewController.h */ = {isa = PBXFileReference; lastKnownFileType = sourcecode.c.h; path = CurrentLocationViewController.h; sourceTree = "<group>"; };
		83888A64178B6A0E00A9D8C7 /* CurrentLocationViewController.m */ = {isa = PBXFileReference; lastKnownFileType = sourcecode.c.objc; path = CurrentLocationViewController.m; sourceTree = "<group>"; };
		83888A66178B6A0E00A9D8C7 /* SecondViewController.h */ = {isa = PBXFileReference; lastKnownFileType = sourcecode.c.h; path = SecondViewController.h; sourceTree = "<group>"; };
		83888A67178B6A0E00A9D8C7 /* SecondViewController.m */ = {isa = PBXFileReference; lastKnownFileType = sourcecode.c.objc; path = SecondViewController.m; sourceTree = "<group>"; };
		83888A69178B6A0E00A9D8C7 /* Images.xcassets */ = {isa = PBXFileReference; lastKnownFileType = folder.assetcatalog; path = Images.xcassets; sourceTree = "<group>"; };
		83888A6F178B6A0E00A9D8C7 /* MyLocationsTests.xctest */ = {isa = PBXFileReference; explicitFileType = wrapper.cfbundle; includeInIndex = 0; path = MyLocationsTests.xctest; sourceTree = BUILT_PRODUCTS_DIR; };
		83888A70178B6A0E00A9D8C7 /* XCTest.framework */ = {isa = PBXFileReference; lastKnownFileType = wrapper.framework; name = XCTest.framework; path = Library/Frameworks/XCTest.framework; sourceTree = DEVELOPER_DIR; };
		83888A78178B6A0E00A9D8C7 /* MyLocationsTests-Info.plist */ = {isa = PBXFileReference; lastKnownFileType = text.plist.xml; path = "MyLocationsTests-Info.plist"; sourceTree = "<group>"; };
		83888A7A178B6A0E00A9D8C7 /* en */ = {isa = PBXFileReference; lastKnownFileType = text.plist.strings; name = en; path = en.lproj/InfoPlist.strings; sourceTree = "<group>"; };
		83888A7C178B6A0E00A9D8C7 /* MyLocationsTests.m */ = {isa = PBXFileReference; lastKnownFileType = sourcecode.c.objc; path = MyLocationsTests.m; sourceTree = "<group>"; };
		83888A89178B6A7E00A9D8C7 /* MyLocationsStoryboard.storyboard */ = {isa = PBXFileReference; fileEncoding = 4; lastKnownFileType = file.storyboard; path = MyLocationsStoryboard.storyboard; sourceTree = "<group>"; };
		83888A8C178B718F00A9D8C7 /* CoreLocation.framework */ = {isa = PBXFileReference; lastKnownFileType = wrapper.framework; name = CoreLocation.framework; path = System/Library/Frameworks/CoreLocation.framework; sourceTree = SDKROOT; };
/* End PBXFileReference section */

/* Begin PBXFrameworksBuildPhase section */
		83888A48178B6A0E00A9D8C7 /* Frameworks */ = {
			isa = PBXFrameworksBuildPhase;
			buildActionMask = 2147483647;
			files = (
				83888A8D178B718F00A9D8C7 /* CoreLocation.framework in Frameworks */,
				83797DBA178C836A00F2FB78 /* FacebookSDK.framework in Frameworks */,
				83888A51178B6A0E00A9D8C7 /* CoreGraphics.framework in Frameworks */,
				83888A53178B6A0E00A9D8C7 /* UIKit.framework in Frameworks */,
				83888A4F178B6A0E00A9D8C7 /* Foundation.framework in Frameworks */,
			);
			runOnlyForDeploymentPostprocessing = 0;
		};
		83888A6C178B6A0E00A9D8C7 /* Frameworks */ = {
			isa = PBXFrameworksBuildPhase;
			buildActionMask = 2147483647;
			files = (
				83888A71178B6A0E00A9D8C7 /* XCTest.framework in Frameworks */,
				83888A73178B6A0E00A9D8C7 /* UIKit.framework in Frameworks */,
				83888A72178B6A0E00A9D8C7 /* Foundation.framework in Frameworks */,
			);
			runOnlyForDeploymentPostprocessing = 0;
		};
/* End PBXFrameworksBuildPhase section */

/* Begin PBXGroup section */
		83888A42178B6A0E00A9D8C7 = {
			isa = PBXGroup;
			children = (
				83888A54178B6A0E00A9D8C7 /* MyLocations */,
				83888A76178B6A0E00A9D8C7 /* MyLocationsTests */,
				83888A4D178B6A0E00A9D8C7 /* Frameworks */,
				83888A4C178B6A0E00A9D8C7 /* Products */,
			);
			sourceTree = "<group>";
		};
		83888A4C178B6A0E00A9D8C7 /* Products */ = {
			isa = PBXGroup;
			children = (
				83888A4B178B6A0E00A9D8C7 /* MyLocations.app */,
				83888A6F178B6A0E00A9D8C7 /* MyLocationsTests.xctest */,
			);
			name = Products;
			sourceTree = "<group>";
		};
		83888A4D178B6A0E00A9D8C7 /* Frameworks */ = {
			isa = PBXGroup;
			children = (
				83797DBB178C837300F2FB78 /* FacebookSDKResources.bundle */,
				83797DBC178C837300F2FB78 /* FBUserSettingsViewResources.bundle */,
				83797DB9178C836A00F2FB78 /* FacebookSDK.framework */,
				83888A8C178B718F00A9D8C7 /* CoreLocation.framework */,
				83888A4E178B6A0E00A9D8C7 /* Foundation.framework */,
				83888A50178B6A0E00A9D8C7 /* CoreGraphics.framework */,
				83888A52178B6A0E00A9D8C7 /* UIKit.framework */,
				83888A70178B6A0E00A9D8C7 /* XCTest.framework */,
			);
			name = Frameworks;
			sourceTree = "<group>";
		};
		83888A54178B6A0E00A9D8C7 /* MyLocations */ = {
			isa = PBXGroup;
			children = (
				83888A5D178B6A0E00A9D8C7 /* AppDelegate.h */,
				83888A5E178B6A0E00A9D8C7 /* AppDelegate.m */,
				83888A89178B6A7E00A9D8C7 /* MyLocationsStoryboard.storyboard */,
				83888A63178B6A0E00A9D8C7 /* CurrentLocationViewController.h */,
				83888A64178B6A0E00A9D8C7 /* CurrentLocationViewController.m */,
				83888A66178B6A0E00A9D8C7 /* SecondViewController.h */,
				83888A67178B6A0E00A9D8C7 /* SecondViewController.m */,
				83888A69178B6A0E00A9D8C7 /* Images.xcassets */,
				83888A55178B6A0E00A9D8C7 /* Supporting Files */,
			);
			path = MyLocations;
			sourceTree = "<group>";
		};
		83888A55178B6A0E00A9D8C7 /* Supporting Files */ = {
			isa = PBXGroup;
			children = (
				83888A56178B6A0E00A9D8C7 /* MyLocations-Info.plist */,
				83888A57178B6A0E00A9D8C7 /* InfoPlist.strings */,
				83888A5A178B6A0E00A9D8C7 /* main.m */,
				83888A5C178B6A0E00A9D8C7 /* MyLocations-Prefix.pch */,
			);
			name = "Supporting Files";
			sourceTree = "<group>";
		};
		83888A76178B6A0E00A9D8C7 /* MyLocationsTests */ = {
			isa = PBXGroup;
			children = (
				83888A7C178B6A0E00A9D8C7 /* MyLocationsTests.m */,
				83888A77178B6A0E00A9D8C7 /* Supporting Files */,
			);
			path = MyLocationsTests;
			sourceTree = "<group>";
		};
		83888A77178B6A0E00A9D8C7 /* Supporting Files */ = {
			isa = PBXGroup;
			children = (
				83888A78178B6A0E00A9D8C7 /* MyLocationsTests-Info.plist */,
				83888A79178B6A0E00A9D8C7 /* InfoPlist.strings */,
			);
			name = "Supporting Files";
			sourceTree = "<group>";
		};
/* End PBXGroup section */

/* Begin PBXNativeTarget section */
		83888A4A178B6A0E00A9D8C7 /* MyLocations */ = {
			isa = PBXNativeTarget;
			buildConfigurationList = 83888A80178B6A0E00A9D8C7 /* Build configuration list for PBXNativeTarget "MyLocations" */;
			buildPhases = (
				83888A47178B6A0E00A9D8C7 /* Sources */,
				83888A48178B6A0E00A9D8C7 /* Frameworks */,
				83888A49178B6A0E00A9D8C7 /* Resources */,
			);
			buildRules = (
			);
			dependencies = (
			);
			name = MyLocations;
			productName = MyLocations;
			productReference = 83888A4B178B6A0E00A9D8C7 /* MyLocations.app */;
			productType = "com.apple.product-type.application";
		};
		83888A6E178B6A0E00A9D8C7 /* MyLocationsTests */ = {
			isa = PBXNativeTarget;
			buildConfigurationList = 83888A83178B6A0E00A9D8C7 /* Build configuration list for PBXNativeTarget "MyLocationsTests" */;
			buildPhases = (
				83888A6B178B6A0E00A9D8C7 /* Sources */,
				83888A6C178B6A0E00A9D8C7 /* Frameworks */,
				83888A6D178B6A0E00A9D8C7 /* Resources */,
			);
			buildRules = (
			);
			dependencies = (
				83888A75178B6A0E00A9D8C7 /* PBXTargetDependency */,
			);
			name = MyLocationsTests;
			productName = MyLocationsTests;
			productReference = 83888A6F178B6A0E00A9D8C7 /* MyLocationsTests.xctest */;
			productType = "com.apple.product-type.bundle.unit-test";
		};
/* End PBXNativeTarget section */

/* Begin PBXProject section */
		83888A43178B6A0E00A9D8C7 /* Project object */ = {
			isa = PBXProject;
			attributes = {
				LastUpgradeCheck = 0500;
				ORGANIZATIONNAME = "Luke Carelsen";
				TargetAttributes = {
					83888A6E178B6A0E00A9D8C7 = {
						TestTargetID = 83888A4A178B6A0E00A9D8C7;
					};
				};
			};
			buildConfigurationList = 83888A46178B6A0E00A9D8C7 /* Build configuration list for PBXProject "MyLocations" */;
			compatibilityVersion = "Xcode 3.2";
			developmentRegion = English;
			hasScannedForEncodings = 0;
			knownRegions = (
				en,
				Base,
			);
			mainGroup = 83888A42178B6A0E00A9D8C7;
			productRefGroup = 83888A4C178B6A0E00A9D8C7 /* Products */;
			projectDirPath = "";
			projectRoot = "";
			targets = (
				83888A4A178B6A0E00A9D8C7 /* MyLocations */,
				83888A6E178B6A0E00A9D8C7 /* MyLocationsTests */,
			);
		};
/* End PBXProject section */

/* Begin PBXResourcesBuildPhase section */
		83888A49178B6A0E00A9D8C7 /* Resources */ = {
			isa = PBXResourcesBuildPhase;
			buildActionMask = 2147483647;
			files = (
				83888A8A178B6A7E00A9D8C7 /* MyLocationsStoryboard.storyboard in Resources */,
				83888A6A178B6A0E00A9D8C7 /* Images.xcassets in Resources */,
				83797DBD178C837300F2FB78 /* FacebookSDKResources.bundle in Resources */,
				83888A59178B6A0E00A9D8C7 /* InfoPlist.strings in Resources */,
				83797DBE178C837300F2FB78 /* FBUserSettingsViewResources.bundle in Resources */,
			);
			runOnlyForDeploymentPostprocessing = 0;
		};
		83888A6D178B6A0E00A9D8C7 /* Resources */ = {
			isa = PBXResourcesBuildPhase;
			buildActionMask = 2147483647;
			files = (
				83888A8B178B6A7E00A9D8C7 /* MyLocationsStoryboard.storyboard in Resources */,
				83888A7B178B6A0E00A9D8C7 /* InfoPlist.strings in Resources */,
			);
			runOnlyForDeploymentPostprocessing = 0;
		};
/* End PBXResourcesBuildPhase section */

/* Begin PBXSourcesBuildPhase section */
		83888A47178B6A0E00A9D8C7 /* Sources */ = {
			isa = PBXSourcesBuildPhase;
			buildActionMask = 2147483647;
			files = (
				83888A68178B6A0E00A9D8C7 /* SecondViewController.m in Sources */,
				83888A5F178B6A0E00A9D8C7 /* AppDelegate.m in Sources */,
				83888A65178B6A0E00A9D8C7 /* CurrentLocationViewController.m in Sources */,
				83888A5B178B6A0E00A9D8C7 /* main.m in Sources */,
			);
			runOnlyForDeploymentPostprocessing = 0;
		};
		83888A6B178B6A0E00A9D8C7 /* Sources */ = {
			isa = PBXSourcesBuildPhase;
			buildActionMask = 2147483647;
			files = (
				83888A7D178B6A0E00A9D8C7 /* MyLocationsTests.m in Sources */,
			);
			runOnlyForDeploymentPostprocessing = 0;
		};
/* End PBXSourcesBuildPhase section */

/* Begin PBXTargetDependency section */
		83888A75178B6A0E00A9D8C7 /* PBXTargetDependency */ = {
			isa = PBXTargetDependency;
			target = 83888A4A178B6A0E00A9D8C7 /* MyLocations */;
			targetProxy = 83888A74178B6A0E00A9D8C7 /* PBXContainerItemProxy */;
		};
/* End PBXTargetDependency section */

/* Begin PBXVariantGroup section */
		83888A57178B6A0E00A9D8C7 /* InfoPlist.strings */ = {
			isa = PBXVariantGroup;
			children = (
				83888A58178B6A0E00A9D8C7 /* en */,
			);
			name = InfoPlist.strings;
			sourceTree = "<group>";
		};
		83888A79178B6A0E00A9D8C7 /* InfoPlist.strings */ = {
			isa = PBXVariantGroup;
			children = (
				83888A7A178B6A0E00A9D8C7 /* en */,
			);
			name = InfoPlist.strings;
			sourceTree = "<group>";
		};
/* End PBXVariantGroup section */

/* Begin XCBuildConfiguration section */
		83888A7E178B6A0E00A9D8C7 /* Debug */ = {
			isa = XCBuildConfiguration;
			buildSettings = {
				ALWAYS_SEARCH_USER_PATHS = NO;
				CLANG_CXX_LANGUAGE_STANDARD = "gnu++0x";
				CLANG_CXX_LIBRARY = "libc++";
				CLANG_ENABLE_MODULES = YES;
				CLANG_ENABLE_OBJC_ARC = YES;
				CLANG_WARN_BOOL_CONVERSION = YES;
				CLANG_WARN_CONSTANT_CONVERSION = YES;
				CLANG_WARN_DIRECT_OBJC_ISA_USAGE = YES_ERROR;
				CLANG_WARN_EMPTY_BODY = YES;
				CLANG_WARN_ENUM_CONVERSION = YES;
				CLANG_WARN_INT_CONVERSION = YES;
				CLANG_WARN_OBJC_ROOT_CLASS = YES_ERROR;
				CLANG_WARN__DUPLICATE_METHOD_MATCH = YES;
				"CODE_SIGN_IDENTITY[sdk=iphoneos*]" = "iPhone Developer";
				COPY_PHASE_STRIP = NO;
				GCC_C_LANGUAGE_STANDARD = gnu99;
				GCC_DYNAMIC_NO_PIC = NO;
				GCC_OPTIMIZATION_LEVEL = 0;
				GCC_PREPROCESSOR_DEFINITIONS = (
					"DEBUG=1",
					"$(inherited)",
				);
				GCC_SYMBOLS_PRIVATE_EXTERN = NO;
				GCC_WARN_ABOUT_RETURN_TYPE = YES_ERROR;
				GCC_WARN_UNDECLARED_SELECTOR = YES;
				GCC_WARN_UNINITIALIZED_AUTOS = YES;
				GCC_WARN_UNUSED_FUNCTION = YES;
				GCC_WARN_UNUSED_VARIABLE = YES;
				IPHONEOS_DEPLOYMENT_TARGET = 7.0;
				ONLY_ACTIVE_ARCH = YES;
				SDKROOT = iphoneos;
			};
			name = Debug;
		};
		83888A7F178B6A0E00A9D8C7 /* Release */ = {
			isa = XCBuildConfiguration;
			buildSettings = {
				ALWAYS_SEARCH_USER_PATHS = NO;
				CLANG_CXX_LANGUAGE_STANDARD = "gnu++0x";
				CLANG_CXX_LIBRARY = "libc++";
				CLANG_ENABLE_MODULES = YES;
				CLANG_ENABLE_OBJC_ARC = YES;
				CLANG_WARN_BOOL_CONVERSION = YES;
				CLANG_WARN_CONSTANT_CONVERSION = YES;
				CLANG_WARN_DIRECT_OBJC_ISA_USAGE = YES_ERROR;
				CLANG_WARN_EMPTY_BODY = YES;
				CLANG_WARN_ENUM_CONVERSION = YES;
				CLANG_WARN_INT_CONVERSION = YES;
				CLANG_WARN_OBJC_ROOT_CLASS = YES_ERROR;
				CLANG_WARN__DUPLICATE_METHOD_MATCH = YES;
				"CODE_SIGN_IDENTITY[sdk=iphoneos*]" = "iPhone Developer";
				COPY_PHASE_STRIP = YES;
				ENABLE_NS_ASSERTIONS = NO;
				GCC_C_LANGUAGE_STANDARD = gnu99;
				GCC_WARN_ABOUT_RETURN_TYPE = YES_ERROR;
				GCC_WARN_UNDECLARED_SELECTOR = YES;
				GCC_WARN_UNINITIALIZED_AUTOS = YES;
				GCC_WARN_UNUSED_FUNCTION = YES;
				GCC_WARN_UNUSED_VARIABLE = YES;
				IPHONEOS_DEPLOYMENT_TARGET = 7.0;
				SDKROOT = iphoneos;
				VALIDATE_PRODUCT = YES;
			};
			name = Release;
		};
		83888A81178B6A0E00A9D8C7 /* Debug */ = {
			isa = XCBuildConfiguration;
			buildSettings = {
				ASSETCATALOG_COMPILER_APPICON_NAME = AppIcon;
				ASSETCATALOG_COMPILER_LAUNCHIMAGE_NAME = LaunchImage;
				FRAMEWORK_SEARCH_PATHS = (
					"$(inherited)",
					"$(SRCROOT)/../../../Documents/FacebookSDK",
				);
				GCC_PRECOMPILE_PREFIX_HEADER = YES;
				GCC_PREFIX_HEADER = "MyLocations/MyLocations-Prefix.pch";
				INFOPLIST_FILE = "MyLocations/MyLocations-Info.plist";
				PRODUCT_NAME = "$(TARGET_NAME)";
				WRAPPER_EXTENSION = app;
			};
			name = Debug;
		};
		83888A82178B6A0E00A9D8C7 /* Release */ = {
			isa = XCBuildConfiguration;
			buildSettings = {
				ASSETCATALOG_COMPILER_APPICON_NAME = AppIcon;
				ASSETCATALOG_COMPILER_LAUNCHIMAGE_NAME = LaunchImage;
				FRAMEWORK_SEARCH_PATHS = (
					"$(inherited)",
					"$(SRCROOT)/../../../Documents/FacebookSDK",
				);
				GCC_PRECOMPILE_PREFIX_HEADER = YES;
				GCC_PREFIX_HEADER = "MyLocations/MyLocations-Prefix.pch";
				INFOPLIST_FILE = "MyLocations/MyLocations-Info.plist";
				PRODUCT_NAME = "$(TARGET_NAME)";
				WRAPPER_EXTENSION = app;
			};
			name = Release;
		};
		83888A84178B6A0E00A9D8C7 /* Debug */ = {
			isa = XCBuildConfiguration;
			buildSettings = {
				BUNDLE_LOADER = "$(BUILT_PRODUCTS_DIR)/MyLocations.app/MyLocations";
				FRAMEWORK_SEARCH_PATHS = (
					"$(SDKROOT)/Developer/Library/Frameworks",
					"$(inherited)",
					"$(SYSTEM_APPS_DIR)/Xcode5-DP2.app/Contents/Developer/Library/Frameworks",
				);
				GCC_PRECOMPILE_PREFIX_HEADER = YES;
				GCC_PREFIX_HEADER = "MyLocations/MyLocations-Prefix.pch";
				GCC_PREPROCESSOR_DEFINITIONS = (
					"DEBUG=1",
					"$(inherited)",
				);
				INFOPLIST_FILE = "MyLocationsTests/MyLocationsTests-Info.plist";
				PRODUCT_NAME = "$(TARGET_NAME)";
				TEST_HOST = "$(BUNDLE_LOADER)";
				WRAPPER_EXTENSION = xctest;
			};
			name = Debug;
		};
		83888A85178B6A0E00A9D8C7 /* Release */ = {
			isa = XCBuildConfiguration;
			buildSettings = {
				BUNDLE_LOADER = "$(BUILT_PRODUCTS_DIR)/MyLocations.app/MyLocations";
				FRAMEWORK_SEARCH_PATHS = (
					"$(SDKROOT)/Developer/Library/Frameworks",
					"$(inherited)",
					"$(SYSTEM_APPS_DIR)/Xcode5-DP2.app/Contents/Developer/Library/Frameworks",
				);
				GCC_PRECOMPILE_PREFIX_HEADER = YES;
				GCC_PREFIX_HEADER = "MyLocations/MyLocations-Prefix.pch";
				INFOPLIST_FILE = "MyLocationsTests/MyLocationsTests-Info.plist";
				PRODUCT_NAME = "$(TARGET_NAME)";
				TEST_HOST = "$(BUNDLE_LOADER)";
				WRAPPER_EXTENSION = xctest;
			};
			name = Release;
		};
/* End XCBuildConfiguration section */

/* Begin XCConfigurationList section */
		83888A46178B6A0E00A9D8C7 /* Build configuration list for PBXProject "MyLocations" */ = {
			isa = XCConfigurationList;
			buildConfigurations = (
				83888A7E178B6A0E00A9D8C7 /* Debug */,
				83888A7F178B6A0E00A9D8C7 /* Release */,
			);
			defaultConfigurationIsVisible = 0;
			defaultConfigurationName = Release;
		};
		83888A80178B6A0E00A9D8C7 /* Build configuration list for PBXNativeTarget "MyLocations" */ = {
			isa = XCConfigurationList;
			buildConfigurations = (
				83888A81178B6A0E00A9D8C7 /* Debug */,
				83888A82178B6A0E00A9D8C7 /* Release */,
			);
			defaultConfigurationIsVisible = 0;
			defaultConfigurationName = Release;
		};
		83888A83178B6A0E00A9D8C7 /* Build configuration list for PBXNativeTarget "MyLocationsTests" */ = {
			isa = XCConfigurationList;
			buildConfigurations = (
				83888A84178B6A0E00A9D8C7 /* Debug */,
				83888A85178B6A0E00A9D8C7 /* Release */,
			);
			defaultConfigurationIsVisible = 0;
			defaultConfigurationName = Release;
		};
/* End XCConfigurationList section */
	};
	rootObject = 83888A43178B6A0E00A9D8C7 /* Project object */;
}
